
Microsoft Visual Studio Solution File, Format Version 12.00
# Visual Studio Version 17
VisualStudioVersion = 17.9.34607.119
MinimumVisualStudioVersion = 10.0.40219.1
Project("{FAE04EC0-301F-11D3-BF4B-00C04F79EFBC}") = "Tarea2.2FirmaDigital", "Tarea2.2FirmaDigital.csproj", "{0CE6597D-7989-48A7-9B3C-9BF7FE5FF0B9}"
EndProject
Global
	GlobalSection(SolutionConfigurationPlatforms) = preSolution
		Debug|Any CPU = Debug|Any CPU
		Release|Any CPU = Release|Any CPU
	EndGlobalSection
	GlobalSection(ProjectConfigurationPlatforms) = postSolution
		{0CE6597D-7989-48A7-9B3C-9BF7FE5FF0B9}.Debug|Any CPU.ActiveCfg = Debug|Any CPU
		{0CE6597D-7989-48A7-9B3C-9BF7FE5FF0B9}.Debug|Any CPU.Build.0 = Debug|Any CPU
		{0CE6597D-7989-48A7-9B3C-9BF7FE5FF0B9}.Debug|Any CPU.Deploy.0 = Debug|Any CPU
		{0CE6597D-7989-48A7-9B3C-9BF7FE5FF0B9}.Release|Any CPU.ActiveCfg = Release|Any CPU
		{0CE6597D-7989-48A7-9B3C-9BF7FE5FF0B9}.Release|Any CPU.Build.0 = Release|Any CPU
		{0CE6597D-7989-48A7-9B3C-9BF7FE5FF0B9}.Release|Any CPU.Deploy.0 = Release|Any CPU
	EndGlobalSection
	GlobalSection(SolutionProperties) = preSolution
		HideSolutionNode = FALSE
	EndGlobalSection
	GlobalSection(ExtensibilityGlobals) = postSolution
		SolutionGuid = {EC01859F-4FC2-436F-B1D2-F28A0AE3A972}
	EndGlobalSection
EndGlobal
